// !$*UTF8*$!
{
	archiveVersion = 1;
	classes = {
	};
	objectVersion = 50;
	objects = {

/* Begin PBXBuildFile section */
		B06EA75C25E730D90029E224 /* AdditionQuestion.m in Sources */ = {isa = PBXBuildFile; fileRef = B06EA75B25E730D90029E224 /* AdditionQuestion.m */; };
		B06EA92225E8659B0029E224 /* main.m in Sources */ = {isa = PBXBuildFile; fileRef = B06EA92125E8659B0029E224 /* main.m */; };
		B06EA92C25E865D80029E224 /* InputCollector.m in Sources */ = {isa = PBXBuildFile; fileRef = B06EA92B25E865D80029E224 /* InputCollector.m */; };
		B06EA93325E865EA0029E224 /* Contact.m in Sources */ = {isa = PBXBuildFile; fileRef = B06EA93225E865EA0029E224 /* Contact.m */; };
		B06EA93B25E86EA10029E224 /* ContactList.m in Sources */ = {isa = PBXBuildFile; fileRef = B06EA93A25E86EA10029E224 /* ContactList.m */; };
		B06EA94325E9F71F0029E224 /* QuestionManager.m in Sources */ = {isa = PBXBuildFile; fileRef = B06EA94225E9F71F0029E224 /* QuestionManager.m */; };
		B06EA94F25EA20660029E224 /* main.m in Sources */ = {isa = PBXBuildFile; fileRef = B06EA94E25EA20660029E224 /* main.m */; };
		B06EA95A25EA29150029E224 /* InputCollector.m in Sources */ = {isa = PBXBuildFile; fileRef = B06EA95925EA29150029E224 /* InputCollector.m */; };
		B06EA96225EAF2910029E224 /* Dice.m in Sources */ = {isa = PBXBuildFile; fileRef = B06EA96125EAF2910029E224 /* Dice.m */; };
		B06EA97025EC49EE0029E224 /* main.m in Sources */ = {isa = PBXBuildFile; fileRef = B06EA96F25EC49EE0029E224 /* main.m */; };
		B06EA97C25EC4AD00029E224 /* NSString+Pig.m in Sources */ = {isa = PBXBuildFile; fileRef = B06EA97B25EC4AD00029E224 /* NSString+Pig.m */; };
		B0FE60C725E46619001C3243 /* main.m in Sources */ = {isa = PBXBuildFile; fileRef = B0FE60C625E46619001C3243 /* main.m */; };
		B0FE60E325E5F722001C3243 /* main.m in Sources */ = {isa = PBXBuildFile; fileRef = B0FE60E225E5F722001C3243 /* main.m */; };
		B0FE60E925E5F73C001C3243 /* Box.m in Sources */ = {isa = PBXBuildFile; fileRef = B0FE60D925E5E8D4001C3243 /* Box.m */; };
		B0FE611B25E6FB36001C3243 /* main.m in Sources */ = {isa = PBXBuildFile; fileRef = B0FE611A25E6FB36001C3243 /* main.m */; };
/* End PBXBuildFile section */

/* Begin PBXCopyFilesBuildPhase section */
		B06EA91D25E8659B0029E224 /* CopyFiles */ = {
			isa = PBXCopyFilesBuildPhase;
			buildActionMask = 2147483647;
			dstPath = /usr/share/man/man1/;
			dstSubfolderSpec = 0;
			files = (
			);
			runOnlyForDeploymentPostprocessing = 1;
		};
		B06EA94A25EA20660029E224 /* CopyFiles */ = {
			isa = PBXCopyFilesBuildPhase;
			buildActionMask = 2147483647;
			dstPath = /usr/share/man/man1/;
			dstSubfolderSpec = 0;
			files = (
			);
			runOnlyForDeploymentPostprocessing = 1;
		};
		B06EA96B25EC49EE0029E224 /* CopyFiles */ = {
			isa = PBXCopyFilesBuildPhase;
			buildActionMask = 2147483647;
			dstPath = /usr/share/man/man1/;
			dstSubfolderSpec = 0;
			files = (
			);
			runOnlyForDeploymentPostprocessing = 1;
		};
		B0FE60C125E46619001C3243 /* CopyFiles */ = {
			isa = PBXCopyFilesBuildPhase;
			buildActionMask = 2147483647;
			dstPath = /usr/share/man/man1/;
			dstSubfolderSpec = 0;
			files = (
			);
			runOnlyForDeploymentPostprocessing = 1;
		};
		B0FE60DE25E5F722001C3243 /* CopyFiles */ = {
			isa = PBXCopyFilesBuildPhase;
			buildActionMask = 2147483647;
			dstPath = /usr/share/man/man1/;
			dstSubfolderSpec = 0;
			files = (
			);
			runOnlyForDeploymentPostprocessing = 1;
		};
		B0FE611625E6FB35001C3243 /* CopyFiles */ = {
			isa = PBXCopyFilesBuildPhase;
			buildActionMask = 2147483647;
			dstPath = /usr/share/man/man1/;
			dstSubfolderSpec = 0;
			files = (
			);
			runOnlyForDeploymentPostprocessing = 1;
		};
/* End PBXCopyFilesBuildPhase section */

/* Begin PBXFileReference section */
		B06EA75A25E730D90029E224 /* AdditionQuestion.h */ = {isa = PBXFileReference; lastKnownFileType = sourcecode.c.h; path = AdditionQuestion.h; sourceTree = "<group>"; };
		B06EA75B25E730D90029E224 /* AdditionQuestion.m */ = {isa = PBXFileReference; lastKnownFileType = sourcecode.c.objc; path = AdditionQuestion.m; sourceTree = "<group>"; };
		B06EA91F25E8659B0029E224 /* Lab4 */ = {isa = PBXFileReference; explicitFileType = "compiled.mach-o.executable"; includeInIndex = 0; path = Lab4; sourceTree = BUILT_PRODUCTS_DIR; };
		B06EA92125E8659B0029E224 /* main.m */ = {isa = PBXFileReference; lastKnownFileType = sourcecode.c.objc; path = main.m; sourceTree = "<group>"; };
		B06EA92A25E865D80029E224 /* InputCollector.h */ = {isa = PBXFileReference; lastKnownFileType = sourcecode.c.h; path = InputCollector.h; sourceTree = "<group>"; };
		B06EA92B25E865D80029E224 /* InputCollector.m */ = {isa = PBXFileReference; lastKnownFileType = sourcecode.c.objc; path = InputCollector.m; sourceTree = "<group>"; };
		B06EA93125E865EA0029E224 /* Contact.h */ = {isa = PBXFileReference; lastKnownFileType = sourcecode.c.h; path = Contact.h; sourceTree = "<group>"; };
		B06EA93225E865EA0029E224 /* Contact.m */ = {isa = PBXFileReference; lastKnownFileType = sourcecode.c.objc; path = Contact.m; sourceTree = "<group>"; };
		B06EA93925E86EA10029E224 /* ContactList.h */ = {isa = PBXFileReference; lastKnownFileType = sourcecode.c.h; path = ContactList.h; sourceTree = "<group>"; };
		B06EA93A25E86EA10029E224 /* ContactList.m */ = {isa = PBXFileReference; lastKnownFileType = sourcecode.c.objc; path = ContactList.m; sourceTree = "<group>"; };
		B06EA94125E9F71F0029E224 /* QuestionManager.h */ = {isa = PBXFileReference; lastKnownFileType = sourcecode.c.h; path = QuestionManager.h; sourceTree = "<group>"; };
		B06EA94225E9F71F0029E224 /* QuestionManager.m */ = {isa = PBXFileReference; lastKnownFileType = sourcecode.c.objc; path = QuestionManager.m; sourceTree = "<group>"; };
		B06EA94C25EA20660029E224 /* Lab6 */ = {isa = PBXFileReference; explicitFileType = "compiled.mach-o.executable"; includeInIndex = 0; path = Lab6; sourceTree = BUILT_PRODUCTS_DIR; };
		B06EA94E25EA20660029E224 /* main.m */ = {isa = PBXFileReference; lastKnownFileType = sourcecode.c.objc; path = main.m; sourceTree = "<group>"; };
		B06EA95825EA29150029E224 /* InputCollector.h */ = {isa = PBXFileReference; lastKnownFileType = sourcecode.c.h; path = InputCollector.h; sourceTree = "<group>"; };
		B06EA95925EA29150029E224 /* InputCollector.m */ = {isa = PBXFileReference; lastKnownFileType = sourcecode.c.objc; path = InputCollector.m; sourceTree = "<group>"; };
		B06EA96025EAF2910029E224 /* Dice.h */ = {isa = PBXFileReference; lastKnownFileType = sourcecode.c.h; path = Dice.h; sourceTree = "<group>"; };
		B06EA96125EAF2910029E224 /* Dice.m */ = {isa = PBXFileReference; lastKnownFileType = sourcecode.c.objc; path = Dice.m; sourceTree = "<group>"; };
		B06EA96D25EC49EE0029E224 /* Lab13 */ = {isa = PBXFileReference; explicitFileType = "compiled.mach-o.executable"; includeInIndex = 0; path = Lab13; sourceTree = BUILT_PRODUCTS_DIR; };
		B06EA96F25EC49EE0029E224 /* main.m */ = {isa = PBXFileReference; lastKnownFileType = sourcecode.c.objc; path = main.m; sourceTree = "<group>"; };
		B06EA97A25EC4AD00029E224 /* NSString+Pig.h */ = {isa = PBXFileReference; lastKnownFileType = sourcecode.c.h; path = "NSString+Pig.h"; sourceTree = "<group>"; };
		B06EA97B25EC4AD00029E224 /* NSString+Pig.m */ = {isa = PBXFileReference; lastKnownFileType = sourcecode.c.objc; path = "NSString+Pig.m"; sourceTree = "<group>"; };
		B0FE60C325E46619001C3243 /* Lab */ = {isa = PBXFileReference; explicitFileType = "compiled.mach-o.executable"; includeInIndex = 0; path = Lab; sourceTree = BUILT_PRODUCTS_DIR; };
		B0FE60C625E46619001C3243 /* main.m */ = {isa = PBXFileReference; lastKnownFileType = sourcecode.c.objc; path = main.m; sourceTree = "<group>"; };
		B0FE60D825E5E8D4001C3243 /* Box.h */ = {isa = PBXFileReference; lastKnownFileType = sourcecode.c.h; path = Box.h; sourceTree = "<group>"; };
		B0FE60D925E5E8D4001C3243 /* Box.m */ = {isa = PBXFileReference; lastKnownFileType = sourcecode.c.objc; path = Box.m; sourceTree = "<group>"; };
		B0FE60E025E5F722001C3243 /* Lab2 */ = {isa = PBXFileReference; explicitFileType = "compiled.mach-o.executable"; includeInIndex = 0; path = Lab2; sourceTree = BUILT_PRODUCTS_DIR; };
		B0FE60E225E5F722001C3243 /* main.m */ = {isa = PBXFileReference; lastKnownFileType = sourcecode.c.objc; path = main.m; sourceTree = "<group>"; };
		B0FE611825E6FB35001C3243 /* Lab3 */ = {isa = PBXFileReference; explicitFileType = "compiled.mach-o.executable"; includeInIndex = 0; path = Lab3; sourceTree = BUILT_PRODUCTS_DIR; };
		B0FE611A25E6FB36001C3243 /* main.m */ = {isa = PBXFileReference; lastKnownFileType = sourcecode.c.objc; path = main.m; sourceTree = "<group>"; };
/* End PBXFileReference section */

/* Begin PBXFrameworksBuildPhase section */
		B06EA91C25E8659B0029E224 /* Frameworks */ = {
			isa = PBXFrameworksBuildPhase;
			buildActionMask = 2147483647;
			files = (
			);
			runOnlyForDeploymentPostprocessing = 0;
		};
		B06EA94925EA20660029E224 /* Frameworks */ = {
			isa = PBXFrameworksBuildPhase;
			buildActionMask = 2147483647;
			files = (
			);
			runOnlyForDeploymentPostprocessing = 0;
		};
		B06EA96A25EC49EE0029E224 /* Frameworks */ = {
			isa = PBXFrameworksBuildPhase;
			buildActionMask = 2147483647;
			files = (
			);
			runOnlyForDeploymentPostprocessing = 0;
		};
		B0FE60C025E46619001C3243 /* Frameworks */ = {
			isa = PBXFrameworksBuildPhase;
			buildActionMask = 2147483647;
			files = (
			);
			runOnlyForDeploymentPostprocessing = 0;
		};
		B0FE60DD25E5F722001C3243 /* Frameworks */ = {
			isa = PBXFrameworksBuildPhase;
			buildActionMask = 2147483647;
			files = (
			);
			runOnlyForDeploymentPostprocessing = 0;
		};
		B0FE611525E6FB35001C3243 /* Frameworks */ = {
			isa = PBXFrameworksBuildPhase;
			buildActionMask = 2147483647;
			files = (
			);
			runOnlyForDeploymentPostprocessing = 0;
		};
/* End PBXFrameworksBuildPhase section */

/* Begin PBXGroup section */
		B06EA92025E8659B0029E224 /* Lab4 */ = {
			isa = PBXGroup;
			children = (
				B06EA92125E8659B0029E224 /* main.m */,
				B06EA92A25E865D80029E224 /* InputCollector.h */,
				B06EA92B25E865D80029E224 /* InputCollector.m */,
				B06EA93125E865EA0029E224 /* Contact.h */,
				B06EA93225E865EA0029E224 /* Contact.m */,
				B06EA93925E86EA10029E224 /* ContactList.h */,
				B06EA93A25E86EA10029E224 /* ContactList.m */,
			);
			path = Lab4;
			sourceTree = "<group>";
		};
		B06EA94D25EA20660029E224 /* Lab6 */ = {
			isa = PBXGroup;
			children = (
				B06EA94E25EA20660029E224 /* main.m */,
				B06EA95825EA29150029E224 /* InputCollector.h */,
				B06EA95925EA29150029E224 /* InputCollector.m */,
				B06EA96025EAF2910029E224 /* Dice.h */,
				B06EA96125EAF2910029E224 /* Dice.m */,
			);
			path = Lab6;
			sourceTree = "<group>";
		};
		B06EA96E25EC49EE0029E224 /* Lab13 */ = {
			isa = PBXGroup;
			children = (
				B06EA96F25EC49EE0029E224 /* main.m */,
				B06EA97A25EC4AD00029E224 /* NSString+Pig.h */,
				B06EA97B25EC4AD00029E224 /* NSString+Pig.m */,
			);
			path = Lab13;
			sourceTree = "<group>";
		};
		B0FE60BA25E46619001C3243 = {
			isa = PBXGroup;
			children = (
				B0FE60C525E46619001C3243 /* Lab1 */,
				B0FE60E125E5F722001C3243 /* Lab2 */,
				B0FE611925E6FB36001C3243 /* Lab3 */,
				B06EA92025E8659B0029E224 /* Lab4 */,
				B06EA94D25EA20660029E224 /* Lab6 */,
				B06EA96E25EC49EE0029E224 /* Lab13 */,
				B0FE60C425E46619001C3243 /* Products */,
			);
			sourceTree = "<group>";
		};
		B0FE60C425E46619001C3243 /* Products */ = {
			isa = PBXGroup;
			children = (
				B0FE60C325E46619001C3243 /* Lab */,
				B0FE60E025E5F722001C3243 /* Lab2 */,
				B0FE611825E6FB35001C3243 /* Lab3 */,
				B06EA91F25E8659B0029E224 /* Lab4 */,
				B06EA94C25EA20660029E224 /* Lab6 */,
				B06EA96D25EC49EE0029E224 /* Lab13 */,
			);
			name = Products;
			sourceTree = "<group>";
		};
		B0FE60C525E46619001C3243 /* Lab1 */ = {
			isa = PBXGroup;
			children = (
				B0FE60C625E46619001C3243 /* main.m */,
			);
			path = Lab1;
			sourceTree = "<group>";
		};
		B0FE60E125E5F722001C3243 /* Lab2 */ = {
			isa = PBXGroup;
			children = (
				B0FE60D825E5E8D4001C3243 /* Box.h */,
				B0FE60D925E5E8D4001C3243 /* Box.m */,
				B0FE60E225E5F722001C3243 /* main.m */,
			);
			path = Lab2;
			sourceTree = "<group>";
		};
		B0FE611925E6FB36001C3243 /* Lab3 */ = {
			isa = PBXGroup;
			children = (
				B0FE611A25E6FB36001C3243 /* main.m */,
				B06EA75A25E730D90029E224 /* AdditionQuestion.h */,
				B06EA75B25E730D90029E224 /* AdditionQuestion.m */,
				B06EA94125E9F71F0029E224 /* QuestionManager.h */,
				B06EA94225E9F71F0029E224 /* QuestionManager.m */,
			);
			path = Lab3;
			sourceTree = "<group>";
		};
/* End PBXGroup section */

/* Begin PBXNativeTarget section */
		B06EA91E25E8659B0029E224 /* Lab4 */ = {
			isa = PBXNativeTarget;
			buildConfigurationList = B06EA92325E8659B0029E224 /* Build configuration list for PBXNativeTarget "Lab4" */;
			buildPhases = (
				B06EA91B25E8659B0029E224 /* Sources */,
				B06EA91C25E8659B0029E224 /* Frameworks */,
				B06EA91D25E8659B0029E224 /* CopyFiles */,
			);
			buildRules = (
			);
			dependencies = (
			);
			name = Lab4;
			productName = Lab4;
			productReference = B06EA91F25E8659B0029E224 /* Lab4 */;
			productType = "com.apple.product-type.tool";
		};
		B06EA94B25EA20660029E224 /* Lab6 */ = {
			isa = PBXNativeTarget;
			buildConfigurationList = B06EA95025EA20660029E224 /* Build configuration list for PBXNativeTarget "Lab6" */;
			buildPhases = (
				B06EA94825EA20660029E224 /* Sources */,
				B06EA94925EA20660029E224 /* Frameworks */,
				B06EA94A25EA20660029E224 /* CopyFiles */,
			);
			buildRules = (
			);
			dependencies = (
			);
			name = Lab6;
			productName = Lab6;
			productReference = B06EA94C25EA20660029E224 /* Lab6 */;
			productType = "com.apple.product-type.tool";
		};
		B06EA96C25EC49EE0029E224 /* Lab13 */ = {
			isa = PBXNativeTarget;
			buildConfigurationList = B06EA97325EC49EE0029E224 /* Build configuration list for PBXNativeTarget "Lab13" */;
			buildPhases = (
				B06EA96925EC49EE0029E224 /* Sources */,
				B06EA96A25EC49EE0029E224 /* Frameworks */,
				B06EA96B25EC49EE0029E224 /* CopyFiles */,
			);
			buildRules = (
			);
			dependencies = (
			);
			name = Lab13;
			productName = Lab13;
			productReference = B06EA96D25EC49EE0029E224 /* Lab13 */;
			productType = "com.apple.product-type.tool";
		};
		B0FE60C225E46619001C3243 /* Lab */ = {
			isa = PBXNativeTarget;
			buildConfigurationList = B0FE60CA25E46619001C3243 /* Build configuration list for PBXNativeTarget "Lab" */;
			buildPhases = (
				B0FE60BF25E46619001C3243 /* Sources */,
				B0FE60C025E46619001C3243 /* Frameworks */,
				B0FE60C125E46619001C3243 /* CopyFiles */,
			);
			buildRules = (
			);
			dependencies = (
			);
			name = Lab;
			productName = Lab;
			productReference = B0FE60C325E46619001C3243 /* Lab */;
			productType = "com.apple.product-type.tool";
		};
		B0FE60DF25E5F722001C3243 /* Lab2 */ = {
			isa = PBXNativeTarget;
			buildConfigurationList = B0FE60E425E5F722001C3243 /* Build configuration list for PBXNativeTarget "Lab2" */;
			buildPhases = (
				B0FE60DC25E5F722001C3243 /* Sources */,
				B0FE60DD25E5F722001C3243 /* Frameworks */,
				B0FE60DE25E5F722001C3243 /* CopyFiles */,
			);
			buildRules = (
			);
			dependencies = (
			);
			name = Lab2;
			productName = Lab2;
			productReference = B0FE60E025E5F722001C3243 /* Lab2 */;
			productType = "com.apple.product-type.tool";
		};
		B0FE611725E6FB35001C3243 /* Lab3 */ = {
			isa = PBXNativeTarget;
			buildConfigurationList = B0FE611C25E6FB36001C3243 /* Build configuration list for PBXNativeTarget "Lab3" */;
			buildPhases = (
				B0FE611425E6FB35001C3243 /* Sources */,
				B0FE611525E6FB35001C3243 /* Frameworks */,
				B0FE611625E6FB35001C3243 /* CopyFiles */,
			);
			buildRules = (
			);
			dependencies = (
			);
			name = Lab3;
			productName = Lab3;
			productReference = B0FE611825E6FB35001C3243 /* Lab3 */;
			productType = "com.apple.product-type.tool";
		};
/* End PBXNativeTarget section */

/* Begin PBXProject section */
		B0FE60BB25E46619001C3243 /* Project object */ = {
			isa = PBXProject;
			attributes = {
				LastSwiftUpdateCheck = 1240;
				LastUpgradeCheck = 1240;
				TargetAttributes = {
					B06EA91E25E8659B0029E224 = {
						CreatedOnToolsVersion = 12.4;
					};
					B06EA94B25EA20660029E224 = {
						CreatedOnToolsVersion = 12.4;
					};
					B06EA96C25EC49EE0029E224 = {
						CreatedOnToolsVersion = 12.4;
					};
					B0FE60C225E46619001C3243 = {
						CreatedOnToolsVersion = 12.4;
					};
					B0FE60DF25E5F722001C3243 = {
						CreatedOnToolsVersion = 12.4;
					};
					B0FE611725E6FB35001C3243 = {
						CreatedOnToolsVersion = 12.4;
					};
				};
			};
			buildConfigurationList = B0FE60BE25E46619001C3243 /* Build configuration list for PBXProject "Lab" */;
			compatibilityVersion = "Xcode 9.3";
			developmentRegion = en;
			hasScannedForEncodings = 0;
			knownRegions = (
				en,
				Base,
			);
			mainGroup = B0FE60BA25E46619001C3243;
			productRefGroup = B0FE60C425E46619001C3243 /* Products */;
			projectDirPath = "";
			projectRoot = "";
			targets = (
				B0FE60C225E46619001C3243 /* Lab */,
				B0FE60DF25E5F722001C3243 /* Lab2 */,
				B0FE611725E6FB35001C3243 /* Lab3 */,
				B06EA91E25E8659B0029E224 /* Lab4 */,
				B06EA94B25EA20660029E224 /* Lab6 */,
				B06EA96C25EC49EE0029E224 /* Lab13 */,
			);
		};
/* End PBXProject section */

/* Begin PBXSourcesBuildPhase section */
		B06EA91B25E8659B0029E224 /* Sources */ = {
			isa = PBXSourcesBuildPhase;
			buildActionMask = 2147483647;
			files = (
				B06EA93B25E86EA10029E224 /* ContactList.m in Sources */,
				B06EA92C25E865D80029E224 /* InputCollector.m in Sources */,
				B06EA93325E865EA0029E224 /* Contact.m in Sources */,
				B06EA92225E8659B0029E224 /* main.m in Sources */,
			);
			runOnlyForDeploymentPostprocessing = 0;
		};
		B06EA94825EA20660029E224 /* Sources */ = {
			isa = PBXSourcesBuildPhase;
			buildActionMask = 2147483647;
			files = (
				B06EA96225EAF2910029E224 /* Dice.m in Sources */,
				B06EA95A25EA29150029E224 /* InputCollector.m in Sources */,
				B06EA94F25EA20660029E224 /* main.m in Sources */,
			);
			runOnlyForDeploymentPostprocessing = 0;
		};
		B06EA96925EC49EE0029E224 /* Sources */ = {
			isa = PBXSourcesBuildPhase;
			buildActionMask = 2147483647;
			files = (
				B06EA97C25EC4AD00029E224 /* NSString+Pig.m in Sources */,
				B06EA97025EC49EE0029E224 /* main.m in Sources */,
			);
			runOnlyForDeploymentPostprocessing = 0;
		};
		B0FE60BF25E46619001C3243 /* Sources */ = {
			isa = PBXSourcesBuildPhase;
			buildActionMask = 2147483647;
			files = (
				B0FE60C725E46619001C3243 /* main.m in Sources */,
			);
			runOnlyForDeploymentPostprocessing = 0;
		};
		B0FE60DC25E5F722001C3243 /* Sources */ = {
			isa = PBXSourcesBuildPhase;
			buildActionMask = 2147483647;
			files = (
				B0FE60E325E5F722001C3243 /* main.m in Sources */,
				B0FE60E925E5F73C001C3243 /* Box.m in Sources */,
			);
			runOnlyForDeploymentPostprocessing = 0;
		};
		B0FE611425E6FB35001C3243 /* Sources */ = {
			isa = PBXSourcesBuildPhase;
			buildActionMask = 2147483647;
			files = (
				B0FE611B25E6FB36001C3243 /* main.m in Sources */,
				B06EA94325E9F71F0029E224 /* QuestionManager.m in Sources */,
				B06EA75C25E730D90029E224 /* AdditionQuestion.m in Sources */,
			);
			runOnlyForDeploymentPostprocessing = 0;
		};
/* End PBXSourcesBuildPhase section */

/* Begin XCBuildConfiguration section */
		B06EA92425E8659B0029E224 /* Debug */ = {
			isa = XCBuildConfiguration;
			buildSettings = {
				CODE_SIGN_STYLE = Automatic;
				DEVELOPMENT_TEAM = MG9YMW6U69;
				ENABLE_HARDENED_RUNTIME = YES;
				PRODUCT_NAME = "$(TARGET_NAME)";
			};
			name = Debug;
		};
		B06EA92525E8659B0029E224 /* Release */ = {
			isa = XCBuildConfiguration;
			buildSettings = {
				CODE_SIGN_STYLE = Automatic;
				DEVELOPMENT_TEAM = MG9YMW6U69;
				ENABLE_HARDENED_RUNTIME = YES;
				PRODUCT_NAME = "$(TARGET_NAME)";
			};
			name = Release;
		};
		B06EA95125EA20660029E224 /* Debug */ = {
			isa = XCBuildConfiguration;
			buildSettings = {
				CODE_SIGN_STYLE = Automatic;
				DEVELOPMENT_TEAM = MG9YMW6U69;
				ENABLE_HARDENED_RUNTIME = YES;
				PRODUCT_NAME = "$(TARGET_NAME)";
			};
			name = Debug;
		};
		B06EA95225EA20660029E224 /* Release */ = {
			isa = XCBuildConfiguration;
			buildSettings = {
				CODE_SIGN_STYLE = Automatic;
				DEVELOPMENT_TEAM = MG9YMW6U69;
				ENABLE_HARDENED_RUNTIME = YES;
				PRODUCT_NAME = "$(TARGET_NAME)";
			};
			name = Release;
		};
		B06EA97125EC49EE0029E224 /* Debug */ = {
			isa = XCBuildConfiguration;
			buildSettings = {
				CODE_SIGN_STYLE = Automatic;
				DEVELOPMENT_TEAM = MG9YMW6U69;
				ENABLE_HARDENED_RUNTIME = YES;
				PRODUCT_NAME = "$(TARGET_NAME)";
			};
			name = Debug;
		};
		B06EA97225EC49EE0029E224 /* Release */ = {
			isa = XCBuildConfiguration;
			buildSettings = {
				CODE_SIGN_STYLE = Automatic;
				DEVELOPMENT_TEAM = MG9YMW6U69;
				ENABLE_HARDENED_RUNTIME = YES;
				PRODUCT_NAME = "$(TARGET_NAME)";
			};
			name = Release;
		};
		B0FE60C825E46619001C3243 /* Debug */ = {
			isa = XCBuildConfiguration;
			buildSettings = {
				ALWAYS_SEARCH_USER_PATHS = NO;
				CLANG_ANALYZER_NONNULL = YES;
				CLANG_ANALYZER_NUMBER_OBJECT_CONVERSION = YES_AGGRESSIVE;
				CLANG_CXX_LANGUAGE_STANDARD = "gnu++14";
				CLANG_CXX_LIBRARY = "libc++";
				CLANG_ENABLE_MODULES = YES;
				CLANG_ENABLE_OBJC_ARC = YES;
				CLANG_ENABLE_OBJC_WEAK = YES;
				CLANG_WARN_BLOCK_CAPTURE_AUTORELEASING = YES;
				CLANG_WARN_BOOL_CONVERSION = YES;
				CLANG_WARN_COMMA = YES;
				CLANG_WARN_CONSTANT_CONVERSION = YES;
				CLANG_WARN_DEPRECATED_OBJC_IMPLEMENTATIONS = YES;
				CLANG_WARN_DIRECT_OBJC_ISA_USAGE = YES_ERROR;
				CLANG_WARN_DOCUMENTATION_COMMENTS = YES;
				CLANG_WARN_EMPTY_BODY = YES;
				CLANG_WARN_ENUM_CONVERSION = YES;
				CLANG_WARN_INFINITE_RECURSION = YES;
				CLANG_WARN_INT_CONVERSION = YES;
				CLANG_WARN_NON_LITERAL_NULL_CONVERSION = YES;
				CLANG_WARN_OBJC_IMPLICIT_RETAIN_SELF = YES;
				CLANG_WARN_OBJC_LITERAL_CONVERSION = YES;
				CLANG_WARN_OBJC_ROOT_CLASS = YES_ERROR;
				CLANG_WARN_QUOTED_INCLUDE_IN_FRAMEWORK_HEADER = YES;
				CLANG_WARN_RANGE_LOOP_ANALYSIS = YES;
				CLANG_WARN_STRICT_PROTOTYPES = YES;
				CLANG_WARN_SUSPICIOUS_MOVE = YES;
				CLANG_WARN_UNGUARDED_AVAILABILITY = YES_AGGRESSIVE;
				CLANG_WARN_UNREACHABLE_CODE = YES;
				CLANG_WARN__DUPLICATE_METHOD_MATCH = YES;
				COPY_PHASE_STRIP = NO;
				DEBUG_INFORMATION_FORMAT = dwarf;
				ENABLE_STRICT_OBJC_MSGSEND = YES;
				ENABLE_TESTABILITY = YES;
				GCC_C_LANGUAGE_STANDARD = gnu11;
				GCC_DYNAMIC_NO_PIC = NO;
				GCC_NO_COMMON_BLOCKS = YES;
				GCC_OPTIMIZATION_LEVEL = 0;
				GCC_PREPROCESSOR_DEFINITIONS = (
					"DEBUG=1",
					"$(inherited)",
				);
				GCC_WARN_64_TO_32_BIT_CONVERSION = YES;
				GCC_WARN_ABOUT_RETURN_TYPE = YES_ERROR;
				GCC_WARN_UNDECLARED_SELECTOR = YES;
				GCC_WARN_UNINITIALIZED_AUTOS = YES_AGGRESSIVE;
				GCC_WARN_UNUSED_FUNCTION = YES;
				GCC_WARN_UNUSED_VARIABLE = YES;
				MACOSX_DEPLOYMENT_TARGET = 10.15;
				MTL_ENABLE_DEBUG_INFO = INCLUDE_SOURCE;
				MTL_FAST_MATH = YES;
				ONLY_ACTIVE_ARCH = YES;
				SDKROOT = macosx;
			};
			name = Debug;
		};
		B0FE60C925E46619001C3243 /* Release */ = {
			isa = XCBuildConfiguration;
			buildSettings = {
				ALWAYS_SEARCH_USER_PATHS = NO;
				CLANG_ANALYZER_NONNULL = YES;
				CLANG_ANALYZER_NUMBER_OBJECT_CONVERSION = YES_AGGRESSIVE;
				CLANG_CXX_LANGUAGE_STANDARD = "gnu++14";
				CLANG_CXX_LIBRARY = "libc++";
				CLANG_ENABLE_MODULES = YES;
				CLANG_ENABLE_OBJC_ARC = YES;
				CLANG_ENABLE_OBJC_WEAK = YES;
				CLANG_WARN_BLOCK_CAPTURE_AUTORELEASING = YES;
				CLANG_WARN_BOOL_CONVERSION = YES;
				CLANG_WARN_COMMA = YES;
				CLANG_WARN_CONSTANT_CONVERSION = YES;
				CLANG_WARN_DEPRECATED_OBJC_IMPLEMENTATIONS = YES;
				CLANG_WARN_DIRECT_OBJC_ISA_USAGE = YES_ERROR;
				CLANG_WARN_DOCUMENTATION_COMMENTS = YES;
				CLANG_WARN_EMPTY_BODY = YES;
				CLANG_WARN_ENUM_CONVERSION = YES;
				CLANG_WARN_INFINITE_RECURSION = YES;
				CLANG_WARN_INT_CONVERSION = YES;
				CLANG_WARN_NON_LITERAL_NULL_CONVERSION = YES;
				CLANG_WARN_OBJC_IMPLICIT_RETAIN_SELF = YES;
				CLANG_WARN_OBJC_LITERAL_CONVERSION = YES;
				CLANG_WARN_OBJC_ROOT_CLASS = YES_ERROR;
				CLANG_WARN_QUOTED_INCLUDE_IN_FRAMEWORK_HEADER = YES;
				CLANG_WARN_RANGE_LOOP_ANALYSIS = YES;
				CLANG_WARN_STRICT_PROTOTYPES = YES;
				CLANG_WARN_SUSPICIOUS_MOVE = YES;
				CLANG_WARN_UNGUARDED_AVAILABILITY = YES_AGGRESSIVE;
				CLANG_WARN_UNREACHABLE_CODE = YES;
				CLANG_WARN__DUPLICATE_METHOD_MATCH = YES;
				COPY_PHASE_STRIP = NO;
				DEBUG_INFORMATION_FORMAT = "dwarf-with-dsym";
				ENABLE_NS_ASSERTIONS = NO;
				ENABLE_STRICT_OBJC_MSGSEND = YES;
				GCC_C_LANGUAGE_STANDARD = gnu11;
				GCC_NO_COMMON_BLOCKS = YES;
				GCC_WARN_64_TO_32_BIT_CONVERSION = YES;
				GCC_WARN_ABOUT_RETURN_TYPE = YES_ERROR;
				GCC_WARN_UNDECLARED_SELECTOR = YES;
				GCC_WARN_UNINITIALIZED_AUTOS = YES_AGGRESSIVE;
				GCC_WARN_UNUSED_FUNCTION = YES;
				GCC_WARN_UNUSED_VARIABLE = YES;
				MACOSX_DEPLOYMENT_TARGET = 10.15;
				MTL_ENABLE_DEBUG_INFO = NO;
				MTL_FAST_MATH = YES;
				SDKROOT = macosx;
			};
			name = Release;
		};
		B0FE60CB25E46619001C3243 /* Debug */ = {
			isa = XCBuildConfiguration;
			buildSettings = {
				CODE_SIGN_STYLE = Automatic;
				DEVELOPMENT_TEAM = MG9YMW6U69;
				ENABLE_HARDENED_RUNTIME = YES;
				PRODUCT_NAME = "$(TARGET_NAME)";
			};
			name = Debug;
		};
		B0FE60CC25E46619001C3243 /* Release */ = {
			isa = XCBuildConfiguration;
			buildSettings = {
				CODE_SIGN_STYLE = Automatic;
				DEVELOPMENT_TEAM = MG9YMW6U69;
				ENABLE_HARDENED_RUNTIME = YES;
				PRODUCT_NAME = "$(TARGET_NAME)";
			};
			name = Release;
		};
		B0FE60E525E5F722001C3243 /* Debug */ = {
			isa = XCBuildConfiguration;
			buildSettings = {
				CODE_SIGN_STYLE = Automatic;
				DEVELOPMENT_TEAM = MG9YMW6U69;
				ENABLE_HARDENED_RUNTIME = YES;
				PRODUCT_NAME = "$(TARGET_NAME)";
			};
			name = Debug;
		};
		B0FE60E625E5F722001C3243 /* Release */ = {
			isa = XCBuildConfiguration;
			buildSettings = {
				CODE_SIGN_STYLE = Automatic;
				DEVELOPMENT_TEAM = MG9YMW6U69;
				ENABLE_HARDENED_RUNTIME = YES;
				PRODUCT_NAME = "$(TARGET_NAME)";
			};
			name = Release;
		};
		B0FE611D25E6FB36001C3243 /* Debug */ = {
			isa = XCBuildConfiguration;
			buildSettings = {
				CODE_SIGN_STYLE = Automatic;
				DEVELOPMENT_TEAM = MG9YMW6U69;
				ENABLE_HARDENED_RUNTIME = YES;
				PRODUCT_NAME = "$(TARGET_NAME)";
			};
			name = Debug;
		};
		B0FE611E25E6FB36001C3243 /* Release */ = {
			isa = XCBuildConfiguration;
			buildSettings = {
				CODE_SIGN_STYLE = Automatic;
				DEVELOPMENT_TEAM = MG9YMW6U69;
				ENABLE_HARDENED_RUNTIME = YES;
				PRODUCT_NAME = "$(TARGET_NAME)";
			};
			name = Release;
		};
/* End XCBuildConfiguration section */

/* Begin XCConfigurationList section */
		B06EA92325E8659B0029E224 /* Build configuration list for PBXNativeTarget "Lab4" */ = {
			isa = XCConfigurationList;
			buildConfigurations = (
				B06EA92425E8659B0029E224 /* Debug */,
				B06EA92525E8659B0029E224 /* Release */,
			);
			defaultConfigurationIsVisible = 0;
			defaultConfigurationName = Release;
		};
		B06EA95025EA20660029E224 /* Build configuration list for PBXNativeTarget "Lab6" */ = {
			isa = XCConfigurationList;
			buildConfigurations = (
				B06EA95125EA20660029E224 /* Debug */,
				B06EA95225EA20660029E224 /* Release */,
			);
			defaultConfigurationIsVisible = 0;
			defaultConfigurationName = Release;
		};
		B06EA97325EC49EE0029E224 /* Build configuration list for PBXNativeTarget "Lab13" */ = {
			isa = XCConfigurationList;
			buildConfigurations = (
				B06EA97125EC49EE0029E224 /* Debug */,
				B06EA97225EC49EE0029E224 /* Release */,
			);
			defaultConfigurationIsVisible = 0;
			defaultConfigurationName = Release;
		};
		B0FE60BE25E46619001C3243 /* Build configuration list for PBXProject "Lab" */ = {
			isa = XCConfigurationList;
			buildConfigurations = (
				B0FE60C825E46619001C3243 /* Debug */,
				B0FE60C925E46619001C3243 /* Release */,
			);
			defaultConfigurationIsVisible = 0;
			defaultConfigurationName = Release;
		};
		B0FE60CA25E46619001C3243 /* Build configuration list for PBXNativeTarget "Lab" */ = {
			isa = XCConfigurationList;
			buildConfigurations = (
				B0FE60CB25E46619001C3243 /* Debug */,
				B0FE60CC25E46619001C3243 /* Release */,
			);
			defaultConfigurationIsVisible = 0;
			defaultConfigurationName = Release;
		};
		B0FE60E425E5F722001C3243 /* Build configuration list for PBXNativeTarget "Lab2" */ = {
			isa = XCConfigurationList;
			buildConfigurations = (
				B0FE60E525E5F722001C3243 /* Debug */,
				B0FE60E625E5F722001C3243 /* Release */,
			);
			defaultConfigurationIsVisible = 0;
			defaultConfigurationName = Release;
		};
		B0FE611C25E6FB36001C3243 /* Build configuration list for PBXNativeTarget "Lab3" */ = {
			isa = XCConfigurationList;
			buildConfigurations = (
				B0FE611D25E6FB36001C3243 /* Debug */,
				B0FE611E25E6FB36001C3243 /* Release */,
			);
			defaultConfigurationIsVisible = 0;
			defaultConfigurationName = Release;
		};
/* End XCConfigurationList section */
	};
	rootObject = B0FE60BB25E46619001C3243 /* Project object */;
}
